
Microsoft Visual Studio Solution File, Format Version 12.00
# Visual Studio Version 17
VisualStudioVersion = 17.10.35027.167
MinimumVisualStudioVersion = 10.0.40219.1
Project("{9A19103F-16F7-4668-BE54-9A1E7A4F7556}") = "Horizon", "Horizon\Horizon.csproj", "{83A33026-94B7-4C90-A7D5-C42A25E7D105}"
EndProject
Project("{9A19103F-16F7-4668-BE54-9A1E7A4F7556}") = "Horizon.Testing", "Horizon.Testing\Horizon.Testing.csproj", "{23F3058E-5053-4EBC-B701-35B0A444CDE2}"
EndProject
Project("{2150E333-8FDC-42A3-9474-1A3956D46DE8}") = "Solution Items", "Solution Items", "{66E3A57B-1FEA-48C2-B925-6E622922CB67}"
	ProjectSection(SolutionItems) = preProject
		.editorconfig = .editorconfig
		.gitattributes = .gitattributes
		.gitignore = .gitignore
		CODE_OF_CONDUCT.md = CODE_OF_CONDUCT.md
		Horizon.png = Horizon.png
		LICENSE = LICENSE
		README.md = README.md
	EndProjectSection
EndProject
Project("{2150E333-8FDC-42A3-9474-1A3956D46DE8}") = ".github", ".github", "{F3B746A4-C53C-428A-ABAA-DE7885144E87}"
	ProjectSection(SolutionItems) = preProject
		.github\FUNDING.yml = .github\FUNDING.yml
	EndProjectSection
EndProject
Project("{2150E333-8FDC-42A3-9474-1A3956D46DE8}") = "ISSUE_TEMPLATE", "ISSUE_TEMPLATE", "{92CE22FA-72AA-4683-BD97-8ACEAEFF9E06}"
	ProjectSection(SolutionItems) = preProject
		.github\ISSUE_TEMPLATE\bug_report.md = .github\ISSUE_TEMPLATE\bug_report.md
		.github\ISSUE_TEMPLATE\feature_request.md = .github\ISSUE_TEMPLATE\feature_request.md
	EndProjectSection
EndProject
Project("{B7DD6F7E-DEF8-4E67-B5B7-07EF123DB6F0}") = "Horizon.Installer", "Horizon.Installer\Horizon.Installer.wixproj", "{C7407183-3A01-46FC-AC57-1FAEF9318BDC}"
EndProject
Global
	GlobalSection(SolutionConfigurationPlatforms) = preSolution
		Debug|Any CPU = Debug|Any CPU
		Debug|ARM64 = Debug|ARM64
		Debug|x64 = Debug|x64
		Debug|x86 = Debug|x86
		Release|Any CPU = Release|Any CPU
		Release|ARM64 = Release|ARM64
		Release|x64 = Release|x64
		Release|x86 = Release|x86
	EndGlobalSection
	GlobalSection(ProjectConfigurationPlatforms) = postSolution
		{83A33026-94B7-4C90-A7D5-C42A25E7D105}.Debug|Any CPU.ActiveCfg = Debug|Any CPU
		{83A33026-94B7-4C90-A7D5-C42A25E7D105}.Debug|Any CPU.Build.0 = Debug|Any CPU
		{83A33026-94B7-4C90-A7D5-C42A25E7D105}.Debug|ARM64.ActiveCfg = Debug|Any CPU
		{83A33026-94B7-4C90-A7D5-C42A25E7D105}.Debug|ARM64.Build.0 = Debug|Any CPU
		{83A33026-94B7-4C90-A7D5-C42A25E7D105}.Debug|x64.ActiveCfg = Debug|Any CPU
		{83A33026-94B7-4C90-A7D5-C42A25E7D105}.Debug|x64.Build.0 = Debug|Any CPU
		{83A33026-94B7-4C90-A7D5-C42A25E7D105}.Debug|x86.ActiveCfg = Debug|Any CPU
		{83A33026-94B7-4C90-A7D5-C42A25E7D105}.Debug|x86.Build.0 = Debug|Any CPU
		{83A33026-94B7-4C90-A7D5-C42A25E7D105}.Release|Any CPU.ActiveCfg = Release|Any CPU
		{83A33026-94B7-4C90-A7D5-C42A25E7D105}.Release|Any CPU.Build.0 = Release|Any CPU
		{83A33026-94B7-4C90-A7D5-C42A25E7D105}.Release|ARM64.ActiveCfg = Release|Any CPU
		{83A33026-94B7-4C90-A7D5-C42A25E7D105}.Release|ARM64.Build.0 = Release|Any CPU
		{83A33026-94B7-4C90-A7D5-C42A25E7D105}.Release|x64.ActiveCfg = Release|Any CPU
		{83A33026-94B7-4C90-A7D5-C42A25E7D105}.Release|x64.Build.0 = Release|Any CPU
		{83A33026-94B7-4C90-A7D5-C42A25E7D105}.Release|x86.ActiveCfg = Release|Any CPU
		{83A33026-94B7-4C90-A7D5-C42A25E7D105}.Release|x86.Build.0 = Release|Any CPU
		{23F3058E-5053-4EBC-B701-35B0A444CDE2}.Debug|Any CPU.ActiveCfg = Debug|Any CPU
		{23F3058E-5053-4EBC-B701-35B0A444CDE2}.Debug|Any CPU.Build.0 = Debug|Any CPU
		{23F3058E-5053-4EBC-B701-35B0A444CDE2}.Debug|ARM64.ActiveCfg = Debug|Any CPU
		{23F3058E-5053-4EBC-B701-35B0A444CDE2}.Debug|ARM64.Build.0 = Debug|Any CPU
		{23F3058E-5053-4EBC-B701-35B0A444CDE2}.Debug|x64.ActiveCfg = Debug|Any CPU
		{23F3058E-5053-4EBC-B701-35B0A444CDE2}.Debug|x64.Build.0 = Debug|Any CPU
		{23F3058E-5053-4EBC-B701-35B0A444CDE2}.Debug|x86.ActiveCfg = Debug|Any CPU
		{23F3058E-5053-4EBC-B701-35B0A444CDE2}.Debug|x86.Build.0 = Debug|Any CPU
		{23F3058E-5053-4EBC-B701-35B0A444CDE2}.Release|Any CPU.ActiveCfg = Release|Any CPU
		{23F3058E-5053-4EBC-B701-35B0A444CDE2}.Release|Any CPU.Build.0 = Release|Any CPU
		{23F3058E-5053-4EBC-B701-35B0A444CDE2}.Release|ARM64.ActiveCfg = Release|Any CPU
		{23F3058E-5053-4EBC-B701-35B0A444CDE2}.Release|ARM64.Build.0 = Release|Any CPU
		{23F3058E-5053-4EBC-B701-35B0A444CDE2}.Release|x64.ActiveCfg = Release|Any CPU
		{23F3058E-5053-4EBC-B701-35B0A444CDE2}.Release|x64.Build.0 = Release|Any CPU
		{23F3058E-5053-4EBC-B701-35B0A444CDE2}.Release|x86.ActiveCfg = Release|Any CPU
		{23F3058E-5053-4EBC-B701-35B0A444CDE2}.Release|x86.Build.0 = Release|Any CPU
		{C7407183-3A01-46FC-AC57-1FAEF9318BDC}.Debug|Any CPU.ActiveCfg = Debug|x64
		{C7407183-3A01-46FC-AC57-1FAEF9318BDC}.Debug|Any CPU.Build.0 = Debug|x64
		{C7407183-3A01-46FC-AC57-1FAEF9318BDC}.Debug|ARM64.ActiveCfg = Debug|ARM64
		{C7407183-3A01-46FC-AC57-1FAEF9318BDC}.Debug|ARM64.Build.0 = Debug|ARM64
		{C7407183-3A01-46FC-AC57-1FAEF9318BDC}.Debug|x64.ActiveCfg = Debug|x64
		{C7407183-3A01-46FC-AC57-1FAEF9318BDC}.Debug|x64.Build.0 = Debug|x64
		{C7407183-3A01-46FC-AC57-1FAEF9318BDC}.Debug|x86.ActiveCfg = Debug|x86
		{C7407183-3A01-46FC-AC57-1FAEF9318BDC}.Debug|x86.Build.0 = Debug|x86
		{C7407183-3A01-46FC-AC57-1FAEF9318BDC}.Release|Any CPU.ActiveCfg = Release|x64
		{C7407183-3A01-46FC-AC57-1FAEF9318BDC}.Release|Any CPU.Build.0 = Release|x64
		{C7407183-3A01-46FC-AC57-1FAEF9318BDC}.Release|ARM64.ActiveCfg = Release|ARM64
		{C7407183-3A01-46FC-AC57-1FAEF9318BDC}.Release|ARM64.Build.0 = Release|ARM64
		{C7407183-3A01-46FC-AC57-1FAEF9318BDC}.Release|x64.ActiveCfg = Release|x64
		{C7407183-3A01-46FC-AC57-1FAEF9318BDC}.Release|x64.Build.0 = Release|x64
		{C7407183-3A01-46FC-AC57-1FAEF9318BDC}.Release|x86.ActiveCfg = Release|x86
		{C7407183-3A01-46FC-AC57-1FAEF9318BDC}.Release|x86.Build.0 = Release|x86
	EndGlobalSection
	GlobalSection(SolutionProperties) = preSolution
		HideSolutionNode = FALSE
	EndGlobalSection
	GlobalSection(NestedProjects) = preSolution
		{F3B746A4-C53C-428A-ABAA-DE7885144E87} = {66E3A57B-1FEA-48C2-B925-6E622922CB67}
		{92CE22FA-72AA-4683-BD97-8ACEAEFF9E06} = {F3B746A4-C53C-428A-ABAA-DE7885144E87}
	EndGlobalSection
	GlobalSection(ExtensibilityGlobals) = postSolution
		SolutionGuid = {1DF13D5F-D075-44EE-8CD4-395B9C688BB8}
	EndGlobalSection
EndGlobal
